{
  "name": "blokus",
  "lockfileVersion": 3,
  "requires": true,
  "packages": {
    "": {
      "dependencies": {
        "@sveu/browser": "^1.0.1"
      }
    },
    "node_modules/@sveu/browser": {
      "version": "1.0.1",
      "resolved": "https://registry.npmjs.org/@sveu/browser/-/browser-1.0.1.tgz",
      "integrity": "sha512-Mz6Vx7erVabjL+yIM/9h9lqRjEbCiIRKjH9KD1VuR3xTTJdMiljoeWph9B+shg0n2VLhY2tz8PvTu6H3eqhF8g==",
      "license": "MIT",
      "dependencies": {
        "@sveu/shared": "^1.0.1"
      }
    },
    "node_modules/@sveu/shared": {
      "version": "1.0.1",
      "resolved": "https://registry.npmjs.org/@sveu/shared/-/shared-1.0.1.tgz",
      "integrity": "sha512-waMJ+UXD5NV/M7L6lmXigY9Ry9TwhcBz+QDbYsDcq92bL7nlRUeh3ckvvAnxw1Nzw0T2JeEgmvZZblHuAHJL9Q==",
      "license": "MIT"
    }
  }
}
